<?xml version="1.0" encoding="utf-8"?>
<Project ToolsVersion="4.0" xmlns="http://schemas.microsoft.com/developer/msbuild/2003">
  <ItemGroup>
    <Filter Include="Source Files">
      <UniqueIdentifier>{4FC737F1-C7A5-4376-A066-2A32D752A2FF}</UniqueIdentifier>
      <Extensions>cpp;c;cc;cxx;def;odl;idl;hpj;bat;asm;asmx</Extensions>
    </Filter>
    <Filter Include="Header Files">
      <UniqueIdentifier>{93995380-89BD-4b04-88EB-625FBE52EBFB}</UniqueIdentifier>
      <Extensions>h;hh;hpp;hxx;hm;inl;inc;xsd</Extensions>
    </Filter>
    <Filter Include="Resource Files">
      <UniqueIdentifier>{67DA6AB6-F800-4c08-8B7A-83BB121AAD01}</UniqueIdentifier>
      <Extensions>rc;ico;cur;bmp;dlg;rc2;rct;bin;rgs;gif;jpg;jpeg;jpe;resx;tiff;tif;png;wav;mfcribbon-ms</Extensions>
    </Filter>
  </ItemGroup>
  <ItemGroup>
    <ClCompile Include="api_mode.c">
      <Filter>Source Files</Filter>
    </ClCompile>
    <ClCompile Include="apipacket.cpp">
      <Filter>Source Files</Filter>
    </ClCompile>
    <ClCompile Include="datapacket.cpp">
      <Filter>Source Files</Filter>
    </ClCompile>
    <ClCompile Include="gpsdata.cpp">
      <Filter>Source Files</Filter>
    </ClCompile>
    <ClCompile Include="main.cpp">
      <Filter>Source Files</Filter>
    </ClCompile>
    <ClCompile Include="serial_interface.c">
      <Filter>Source Files</Filter>
    </ClCompile>
    <ClCompile Include="serialport.cpp">
      <Filter>Source Files</Filter>
    </ClCompile>
    <ClCompile Include="xbee.cpp">
      <Filter>Source Files</Filter>
    </ClCompile>
    <ClCompile Include="gpsmodule.cpp">
      <Filter>Source Files</Filter>
    </ClCompile>
    <ClCompile Include="vectorstring.cpp">
      <Filter>Source Files</Filter>
    </ClCompile>
    <ClCompile Include="xbeecell.cpp">
      <Filter>Source Files</Filter>
    </ClCompile>
    <ClCompile Include="xbeemesh.cpp">
      <Filter>Source Files</Filter>
    </ClCompile>
    <ClCompile Include="gpio_interface.c">
      <Filter>Source Files</Filter>
    </ClCompile>
    <ClCompile Include="gpiopin.cpp">
      <Filter>Source Files</Filter>
    </ClCompile>
    <ClCompile Include="testfunction.cpp">
      <Filter>Source Files</Filter>
    </ClCompile>
    <ClCompile Include="geofence.cpp">
      <Filter>Source Files</Filter>
    </ClCompile>
    <ClCompile Include="packetstorage.cpp">
      <Filter>Source Files</Filter>
    </ClCompile>
    <ClCompile Include="configuration.cpp">
      <Filter>Source Files</Filter>
    </ClCompile>
    <ClCompile Include="adc_interface.c">
      <Filter>Source Files</Filter>
    </ClCompile>
    <ClCompile Include="adcpin.cpp">
      <Filter>Source Files</Filter>
    </ClCompile>
    <ClCompile Include="testfunctiontwo.cpp">
      <Filter>Source Files</Filter>
    </ClCompile>
    <ClCompile Include="dane.cpp">
      <Filter>Source Files</Filter>
    </ClCompile>
  </ItemGroup>
  <ItemGroup>
    <ClInclude Include="api_mode.h">
      <Filter>Header Files</Filter>
    </ClInclude>
    <ClInclude Include="apipacket.h">
      <Filter>Header Files</Filter>
    </ClInclude>
    <ClInclude Include="datapacket.h">
      <Filter>Header Files</Filter>
    </ClInclude>
    <ClInclude Include="gpsdata.h">
      <Filter>Header Files</Filter>
    </ClInclude>
    <ClInclude Include="serial_interface.h">
      <Filter>Header Files</Filter>
    </ClInclude>
    <ClInclude Include="serialport.h">
      <Filter>Header Files</Filter>
    </ClInclude>
    <ClInclude Include="xbee.h">
      <Filter>Header Files</Filter>
    </ClInclude>
    <ClInclude Include="gpsmodule.h">
      <Filter>Header Files</Filter>
    </ClInclude>
    <ClInclude Include="vectorstring.h">
      <Filter>Header Files</Filter>
    </ClInclude>
    <ClInclude Include="xbeecell.h">
      <Filter>Header Files</Filter>
    </ClInclude>
    <ClInclude Include="xbeemesh.h">
      <Filter>Header Files</Filter>
    </ClInclude>
    <ClInclude Include="gpio_interface.h">
      <Filter>Header Files</Filter>
    </ClInclude>
    <ClInclude Include="visual_studio.h">
      <Filter>Header Files</Filter>
    </ClInclude>
    <ClInclude Include="gpiopin.h">
      <Filter>Header Files</Filter>
    </ClInclude>
    <ClInclude Include="testfunction.h">
      <Filter>Header Files</Filter>
    </ClInclude>
    <ClInclude Include="geofence.h">
      <Filter>Header Files</Filter>
    </ClInclude>
    <ClInclude Include="packetstorage.h">
      <Filter>Header Files</Filter>
    </ClInclude>
    <ClInclude Include="configuration.h">
      <Filter>Header Files</Filter>
    </ClInclude>
    <ClInclude Include="adc_interface.h">
      <Filter>Header Files</Filter>
    </ClInclude>
    <ClInclude Include="adcpin.h">
      <Filter>Header Files</Filter>
    </ClInclude>
    <ClInclude Include="testfunctiontwo.h">
      <Filter>Header Files</Filter>
    </ClInclude>
  </ItemGroup>
</Project>